
Microsoft Visual Studio Solution File, Format Version 12.00
# Visual Studio 2013
VisualStudioVersion = 12.0.40629.0
MinimumVisualStudioVersion = 10.0.40219.1
Project("{FAE04EC0-301F-11D3-BF4B-00C04F79EFBC}") = "WIGCollector", "WIGCollector\WIGCollector.csproj", "{B1B60E2F-13E7-4EAF-8B56-13EE535F1147}"
EndProject
Project("{FAE04EC0-301F-11D3-BF4B-00C04F79EFBC}") = "WIGCollectorView", "WIGCollectorView\WIGCollectorView.csproj", "{8FD46850-5BD8-4E44-B159-42EE03B12645}"
EndProject
Project("{FAE04EC0-301F-11D3-BF4B-00C04F79EFBC}") = "Tests", "Tests\Tests.csproj", "{718322D0-2538-495B-8A96-0746025B41B1}"
EndProject
Global
	GlobalSection(SolutionConfigurationPlatforms) = preSolution
		Debug|Any CPU = Debug|Any CPU
		Release|Any CPU = Release|Any CPU
	EndGlobalSection
	GlobalSection(ProjectConfigurationPlatforms) = postSolution
		{B1B60E2F-13E7-4EAF-8B56-13EE535F1147}.Debug|Any CPU.ActiveCfg = Debug|Any CPU
		{B1B60E2F-13E7-4EAF-8B56-13EE535F1147}.Debug|Any CPU.Build.0 = Debug|Any CPU
		{B1B60E2F-13E7-4EAF-8B56-13EE535F1147}.Release|Any CPU.ActiveCfg = Release|Any CPU
		{B1B60E2F-13E7-4EAF-8B56-13EE535F1147}.Release|Any CPU.Build.0 = Release|Any CPU
		{8FD46850-5BD8-4E44-B159-42EE03B12645}.Debug|Any CPU.ActiveCfg = Debug|Any CPU
		{8FD46850-5BD8-4E44-B159-42EE03B12645}.Debug|Any CPU.Build.0 = Debug|Any CPU
		{8FD46850-5BD8-4E44-B159-42EE03B12645}.Release|Any CPU.ActiveCfg = Release|Any CPU
		{8FD46850-5BD8-4E44-B159-42EE03B12645}.Release|Any CPU.Build.0 = Release|Any CPU
		{718322D0-2538-495B-8A96-0746025B41B1}.Debug|Any CPU.ActiveCfg = Debug|Any CPU
		{718322D0-2538-495B-8A96-0746025B41B1}.Debug|Any CPU.Build.0 = Debug|Any CPU
		{718322D0-2538-495B-8A96-0746025B41B1}.Release|Any CPU.ActiveCfg = Release|Any CPU
		{718322D0-2538-495B-8A96-0746025B41B1}.Release|Any CPU.Build.0 = Release|Any CPU
	EndGlobalSection
	GlobalSection(SolutionProperties) = preSolution
		HideSolutionNode = FALSE
	EndGlobalSection
EndGlobal
